
Microsoft Visual Studio Solution File, Format Version 12.00
# Visual Studio 15
Project("{FAE04EC0-301F-11D3-BF4B-00C04F79EFBC}") = "PhotonChat", "PhotonChat.csproj", "{7BA8DDBE-12AF-3036-89A7-62E606601225}"
EndProject
Project("{FAE04EC0-301F-11D3-BF4B-00C04F79EFBC}") = "PhotonUnityNetworking.Demos", "PhotonUnityNetworking.Demos.csproj", "{C932C5F7-9A4A-648E-98E3-0CF066111044}"
EndProject
Project("{FAE04EC0-301F-11D3-BF4B-00C04F79EFBC}") = "Assembly-CSharp", "Assembly-CSharp.csproj", "{81498644-91CD-2382-AFF5-7EDB08994C62}"
EndProject
Project("{FAE04EC0-301F-11D3-BF4B-00C04F79EFBC}") = "PhotonRealtime", "PhotonRealtime.csproj", "{21DBF2CE-5A21-4A61-4962-C888DFB4B0A8}"
EndProject
Project("{FAE04EC0-301F-11D3-BF4B-00C04F79EFBC}") = "Game", "Game.csproj", "{B6AC9CEC-5950-1931-4B7E-188E457B4E96}"
EndProject
Project("{FAE04EC0-301F-11D3-BF4B-00C04F79EFBC}") = "PhotonUnityNetworking.Editor", "PhotonUnityNetworking.Editor.csproj", "{C218A5A4-9E79-71E5-1020-63D8A39682F8}"
EndProject
Project("{FAE04EC0-301F-11D3-BF4B-00C04F79EFBC}") = "PhotonUnityNetworking", "PhotonUnityNetworking.csproj", "{F7BA65F2-1DDC-E5C1-256F-1FF90980C203}"
EndProject
Project("{FAE04EC0-301F-11D3-BF4B-00C04F79EFBC}") = "Tests.EditMode", "Tests.EditMode.csproj", "{5F4F00FC-2727-01C8-1BDA-F482B54FCF84}"
EndProject
Project("{FAE04EC0-301F-11D3-BF4B-00C04F79EFBC}") = "PhotonUnityNetworking.Utilities.PhotonPlayer.Editor", "PhotonUnityNetworking.Utilities.PhotonPlayer.Editor.csproj", "{2AE46FC2-A64F-6255-50E4-90ED3D6AB15A}"
EndProject
Project("{FAE04EC0-301F-11D3-BF4B-00C04F79EFBC}") = "Tests.PlayMode", "Tests.PlayMode.csproj", "{27211F1A-CD4F-93EB-12B3-1B5F87BC2E47}"
EndProject
Project("{FAE04EC0-301F-11D3-BF4B-00C04F79EFBC}") = "PhotonUnityNetworking.Utilities", "PhotonUnityNetworking.Utilities.csproj", "{0C15A4CF-2D84-5EC1-1A0F-9F4A25AE2F9C}"
EndProject
Project("{FAE04EC0-301F-11D3-BF4B-00C04F79EFBC}") = "PunDemos.DemoSlotcarEditor", "PunDemos.DemoSlotcarEditor.csproj", "{B37CD3A3-A9D9-610E-BC89-F4555076ECFF}"
EndProject
Project("{FAE04EC0-301F-11D3-BF4B-00C04F79EFBC}") = "Game.Data", "Game.Data.csproj", "{BFAC30F6-26BF-751A-A787-65F23AFECF81}"
EndProject
Project("{FAE04EC0-301F-11D3-BF4B-00C04F79EFBC}") = "PhotonUnityNetworking.Utilities.Culling.Editor", "PhotonUnityNetworking.Utilities.Culling.Editor.csproj", "{C4545427-35B6-12D5-4B47-F155B70F0CDB}"
EndProject
Project("{FAE04EC0-301F-11D3-BF4B-00C04F79EFBC}") = "PunDemos.DemoHubEditor", "PunDemos.DemoHubEditor.csproj", "{09C54320-E853-AD0E-F673-7D815FE977E0}"
EndProject
Global
	GlobalSection(SolutionConfigurationPlatforms) = preSolution
		Debug|Any CPU = Debug|Any CPU
		Release|Any CPU = Release|Any CPU
	EndGlobalSection
	GlobalSection(ProjectConfigurationPlatforms) = postSolution
		{7BA8DDBE-12AF-3036-89A7-62E606601225}.Debug|Any CPU.ActiveCfg = Debug|Any CPU
		{7BA8DDBE-12AF-3036-89A7-62E606601225}.Debug|Any CPU.Build.0 = Debug|Any CPU
		{7BA8DDBE-12AF-3036-89A7-62E606601225}.Release|Any CPU.ActiveCfg = Release|Any CPU
		{7BA8DDBE-12AF-3036-89A7-62E606601225}.Release|Any CPU.Build.0 = Release|Any CPU
		{C932C5F7-9A4A-648E-98E3-0CF066111044}.Debug|Any CPU.ActiveCfg = Debug|Any CPU
		{C932C5F7-9A4A-648E-98E3-0CF066111044}.Debug|Any CPU.Build.0 = Debug|Any CPU
		{C932C5F7-9A4A-648E-98E3-0CF066111044}.Release|Any CPU.ActiveCfg = Release|Any CPU
		{C932C5F7-9A4A-648E-98E3-0CF066111044}.Release|Any CPU.Build.0 = Release|Any CPU
		{81498644-91CD-2382-AFF5-7EDB08994C62}.Debug|Any CPU.ActiveCfg = Debug|Any CPU
		{81498644-91CD-2382-AFF5-7EDB08994C62}.Debug|Any CPU.Build.0 = Debug|Any CPU
		{81498644-91CD-2382-AFF5-7EDB08994C62}.Release|Any CPU.ActiveCfg = Release|Any CPU
		{81498644-91CD-2382-AFF5-7EDB08994C62}.Release|Any CPU.Build.0 = Release|Any CPU
		{21DBF2CE-5A21-4A61-4962-C888DFB4B0A8}.Debug|Any CPU.ActiveCfg = Debug|Any CPU
		{21DBF2CE-5A21-4A61-4962-C888DFB4B0A8}.Debug|Any CPU.Build.0 = Debug|Any CPU
		{21DBF2CE-5A21-4A61-4962-C888DFB4B0A8}.Release|Any CPU.ActiveCfg = Release|Any CPU
		{21DBF2CE-5A21-4A61-4962-C888DFB4B0A8}.Release|Any CPU.Build.0 = Release|Any CPU
		{B6AC9CEC-5950-1931-4B7E-188E457B4E96}.Debug|Any CPU.ActiveCfg = Debug|Any CPU
		{B6AC9CEC-5950-1931-4B7E-188E457B4E96}.Debug|Any CPU.Build.0 = Debug|Any CPU
		{B6AC9CEC-5950-1931-4B7E-188E457B4E96}.Release|Any CPU.ActiveCfg = Release|Any CPU
		{B6AC9CEC-5950-1931-4B7E-188E457B4E96}.Release|Any CPU.Build.0 = Release|Any CPU
		{C218A5A4-9E79-71E5-1020-63D8A39682F8}.Debug|Any CPU.ActiveCfg = Debug|Any CPU
		{C218A5A4-9E79-71E5-1020-63D8A39682F8}.Debug|Any CPU.Build.0 = Debug|Any CPU
		{C218A5A4-9E79-71E5-1020-63D8A39682F8}.Release|Any CPU.ActiveCfg = Release|Any CPU
		{C218A5A4-9E79-71E5-1020-63D8A39682F8}.Release|Any CPU.Build.0 = Release|Any CPU
		{F7BA65F2-1DDC-E5C1-256F-1FF90980C203}.Debug|Any CPU.ActiveCfg = Debug|Any CPU
		{F7BA65F2-1DDC-E5C1-256F-1FF90980C203}.Debug|Any CPU.Build.0 = Debug|Any CPU
		{F7BA65F2-1DDC-E5C1-256F-1FF90980C203}.Release|Any CPU.ActiveCfg = Release|Any CPU
		{F7BA65F2-1DDC-E5C1-256F-1FF90980C203}.Release|Any CPU.Build.0 = Release|Any CPU
		{5F4F00FC-2727-01C8-1BDA-F482B54FCF84}.Debug|Any CPU.ActiveCfg = Debug|Any CPU
		{5F4F00FC-2727-01C8-1BDA-F482B54FCF84}.Debug|Any CPU.Build.0 = Debug|Any CPU
		{5F4F00FC-2727-01C8-1BDA-F482B54FCF84}.Release|Any CPU.ActiveCfg = Release|Any CPU
		{5F4F00FC-2727-01C8-1BDA-F482B54FCF84}.Release|Any CPU.Build.0 = Release|Any CPU
		{2AE46FC2-A64F-6255-50E4-90ED3D6AB15A}.Debug|Any CPU.ActiveCfg = Debug|Any CPU
		{2AE46FC2-A64F-6255-50E4-90ED3D6AB15A}.Debug|Any CPU.Build.0 = Debug|Any CPU
		{2AE46FC2-A64F-6255-50E4-90ED3D6AB15A}.Release|Any CPU.ActiveCfg = Release|Any CPU
		{2AE46FC2-A64F-6255-50E4-90ED3D6AB15A}.Release|Any CPU.Build.0 = Release|Any CPU
		{27211F1A-CD4F-93EB-12B3-1B5F87BC2E47}.Debug|Any CPU.ActiveCfg = Debug|Any CPU
		{27211F1A-CD4F-93EB-12B3-1B5F87BC2E47}.Debug|Any CPU.Build.0 = Debug|Any CPU
		{27211F1A-CD4F-93EB-12B3-1B5F87BC2E47}.Release|Any CPU.ActiveCfg = Release|Any CPU
		{27211F1A-CD4F-93EB-12B3-1B5F87BC2E47}.Release|Any CPU.Build.0 = Release|Any CPU
		{0C15A4CF-2D84-5EC1-1A0F-9F4A25AE2F9C}.Debug|Any CPU.ActiveCfg = Debug|Any CPU
		{0C15A4CF-2D84-5EC1-1A0F-9F4A25AE2F9C}.Debug|Any CPU.Build.0 = Debug|Any CPU
		{0C15A4CF-2D84-5EC1-1A0F-9F4A25AE2F9C}.Release|Any CPU.ActiveCfg = Release|Any CPU
		{0C15A4CF-2D84-5EC1-1A0F-9F4A25AE2F9C}.Release|Any CPU.Build.0 = Release|Any CPU
		{B37CD3A3-A9D9-610E-BC89-F4555076ECFF}.Debug|Any CPU.ActiveCfg = Debug|Any CPU
		{B37CD3A3-A9D9-610E-BC89-F4555076ECFF}.Debug|Any CPU.Build.0 = Debug|Any CPU
		{B37CD3A3-A9D9-610E-BC89-F4555076ECFF}.Release|Any CPU.ActiveCfg = Release|Any CPU
		{B37CD3A3-A9D9-610E-BC89-F4555076ECFF}.Release|Any CPU.Build.0 = Release|Any CPU
		{BFAC30F6-26BF-751A-A787-65F23AFECF81}.Debug|Any CPU.ActiveCfg = Debug|Any CPU
		{BFAC30F6-26BF-751A-A787-65F23AFECF81}.Debug|Any CPU.Build.0 = Debug|Any CPU
		{BFAC30F6-26BF-751A-A787-65F23AFECF81}.Release|Any CPU.ActiveCfg = Release|Any CPU
		{BFAC30F6-26BF-751A-A787-65F23AFECF81}.Release|Any CPU.Build.0 = Release|Any CPU
		{C4545427-35B6-12D5-4B47-F155B70F0CDB}.Debug|Any CPU.ActiveCfg = Debug|Any CPU
		{C4545427-35B6-12D5-4B47-F155B70F0CDB}.Debug|Any CPU.Build.0 = Debug|Any CPU
		{C4545427-35B6-12D5-4B47-F155B70F0CDB}.Release|Any CPU.ActiveCfg = Release|Any CPU
		{C4545427-35B6-12D5-4B47-F155B70F0CDB}.Release|Any CPU.Build.0 = Release|Any CPU
		{09C54320-E853-AD0E-F673-7D815FE977E0}.Debug|Any CPU.ActiveCfg = Debug|Any CPU
		{09C54320-E853-AD0E-F673-7D815FE977E0}.Debug|Any CPU.Build.0 = Debug|Any CPU
		{09C54320-E853-AD0E-F673-7D815FE977E0}.Release|Any CPU.ActiveCfg = Release|Any CPU
		{09C54320-E853-AD0E-F673-7D815FE977E0}.Release|Any CPU.Build.0 = Release|Any CPU
	EndGlobalSection
	GlobalSection(SolutionProperties) = preSolution
		HideSolutionNode = FALSE
	EndGlobalSection
EndGlobal
